Microsoft Visual Studio Solution File, Format Version 11.00
# Visual Studio 2008

Project("{BB7CF884-0BC7-8DFE-C3F5-F15CE8D7AD76}") = "Sheep-Game", "Assembly-CSharp.csproj", "{98969747-91EA-E9C7-0E75-0F2E6659BAF2}"
EndProject
Project("{BB7CF884-0BC7-8DFE-C3F5-F15CE8D7AD76}") = "Sheep-Game", "Assembly-CSharp-Editor-firstpass.csproj", "{627D3DB9-043E-8EE8-49F1-D0FCABB890FD}"
EndProject
Global
	GlobalSection(SolutionConfigurationPlatforms) = preSolution
		Debug|Any CPU = Debug|Any CPU
		Release|Any CPU = Release|Any CPU
	EndGlobalSection
	GlobalSection(ProjectConfigurationPlatforms) = postSolution
		{98969747-91EA-E9C7-0E75-0F2E6659BAF2}.Debug|Any CPU.ActiveCfg = Debug|Any CPU
		{98969747-91EA-E9C7-0E75-0F2E6659BAF2}.Debug|Any CPU.Build.0 = Debug|Any CPU
		{98969747-91EA-E9C7-0E75-0F2E6659BAF2}.Release|Any CPU.ActiveCfg = Release|Any CPU
		{98969747-91EA-E9C7-0E75-0F2E6659BAF2}.Release|Any CPU.Build.0 = Release|Any CPU
		{627D3DB9-043E-8EE8-49F1-D0FCABB890FD}.Debug|Any CPU.ActiveCfg = Debug|Any CPU
		{627D3DB9-043E-8EE8-49F1-D0FCABB890FD}.Debug|Any CPU.Build.0 = Debug|Any CPU
		{627D3DB9-043E-8EE8-49F1-D0FCABB890FD}.Release|Any CPU.ActiveCfg = Release|Any CPU
		{627D3DB9-043E-8EE8-49F1-D0FCABB890FD}.Release|Any CPU.Build.0 = Release|Any CPU
	EndGlobalSection
	GlobalSection(SolutionProperties) = preSolution
		HideSolutionNode = FALSE
	EndGlobalSection
	GlobalSection(MonoDevelopProperties) = preSolution
		StartupItem = Assembly-CSharp.csproj
	EndGlobalSection
EndGlobal
